
Microsoft Visual Studio Solution File, Format Version 12.00
# Visual Studio 15
VisualStudioVersion = 15.0.28307.329
MinimumVisualStudioVersion = 10.0.40219.1
Project("{FAE04EC0-301F-11D3-BF4B-00C04F79EFBC}") = "A GenericSolution", "GenericSolution\A GenericSolution.csproj", "{FC48C1B0-D833-4ACE-9710-8C403B0C30C1}"
EndProject
Project("{FAE04EC0-301F-11D3-BF4B-00C04F79EFBC}") = "PDFApp", "DXApplication1\PDFApp\PDFApp.csproj", "{0EB80A34-AD37-4E42-A87B-8C291F76F022}"
EndProject
Project("{9A19103F-16F7-4668-BE54-9A1E7A4F7556}") = "ReportingAngular", "DXApplication2\ReportingAngular\ReportingAngular.csproj", "{9D16FA60-9CFE-4A4C-911A-2C1812E0F1D9}"
EndProject
Project("{FAE04EC0-301F-11D3-BF4B-00C04F79EFBC}") = "MapApplication", "DXApplication3\MapApplication\MapApplication.csproj", "{65C87C9D-C1AA-4663-AACB-4B2ECEAB1BA0}"
EndProject
Project("{FAE04EC0-301F-11D3-BF4B-00C04F79EFBC}") = "DashboardApp", "DXApplication4\DashboardApp\DashboardApp.csproj", "{17DAD4EF-5909-423E-9B23-135271F6B613}"
EndProject
Project("{FAE04EC0-301F-11D3-BF4B-00C04F79EFBC}") = "DashboardAppTest", "DXApplication4\DashboardAppTest\DashboardAppTest.csproj", "{EEC060D2-1033-4CFD-A84A-C63B3ABA842D}"
EndProject
Project("{FAE04EC0-301F-11D3-BF4B-00C04F79EFBC}") = "CoreSolution", "CoreSolution\CoreSolution.csproj", "{F73B99D8-57D8-4ECB-B9B8-2D8BFF15D597}"
EndProject
Project("{FAE04EC0-301F-11D3-BF4B-00C04F79EFBC}") = "CoreMVC", "CoreMVC\CoreMVC.csproj", "{27BC03F7-49EB-4902-A0FA-3CAA4AA4A7A5}"
EndProject
Project("{FAE04EC0-301F-11D3-BF4B-00C04F79EFBC}") = "PDFArena", "PDFArena\PDFArena.csproj", "{269EE313-1668-408E-9F09-F8CEC89AB963}"
EndProject
Global
	GlobalSection(SolutionConfigurationPlatforms) = preSolution
		Debug|Any CPU = Debug|Any CPU
		Release|Any CPU = Release|Any CPU
	EndGlobalSection
	GlobalSection(ProjectConfigurationPlatforms) = postSolution
		{FC48C1B0-D833-4ACE-9710-8C403B0C30C1}.Debug|Any CPU.ActiveCfg = Debug|Any CPU
		{FC48C1B0-D833-4ACE-9710-8C403B0C30C1}.Debug|Any CPU.Build.0 = Debug|Any CPU
		{FC48C1B0-D833-4ACE-9710-8C403B0C30C1}.Release|Any CPU.ActiveCfg = Release|Any CPU
		{FC48C1B0-D833-4ACE-9710-8C403B0C30C1}.Release|Any CPU.Build.0 = Release|Any CPU
		{0EB80A34-AD37-4E42-A87B-8C291F76F022}.Debug|Any CPU.ActiveCfg = Debug|Any CPU
		{0EB80A34-AD37-4E42-A87B-8C291F76F022}.Debug|Any CPU.Build.0 = Debug|Any CPU
		{0EB80A34-AD37-4E42-A87B-8C291F76F022}.Release|Any CPU.ActiveCfg = Release|Any CPU
		{0EB80A34-AD37-4E42-A87B-8C291F76F022}.Release|Any CPU.Build.0 = Release|Any CPU
		{9D16FA60-9CFE-4A4C-911A-2C1812E0F1D9}.Debug|Any CPU.ActiveCfg = Debug|Any CPU
		{9D16FA60-9CFE-4A4C-911A-2C1812E0F1D9}.Debug|Any CPU.Build.0 = Debug|Any CPU
		{9D16FA60-9CFE-4A4C-911A-2C1812E0F1D9}.Release|Any CPU.ActiveCfg = Release|Any CPU
		{9D16FA60-9CFE-4A4C-911A-2C1812E0F1D9}.Release|Any CPU.Build.0 = Release|Any CPU
		{65C87C9D-C1AA-4663-AACB-4B2ECEAB1BA0}.Debug|Any CPU.ActiveCfg = Debug|Any CPU
		{65C87C9D-C1AA-4663-AACB-4B2ECEAB1BA0}.Debug|Any CPU.Build.0 = Debug|Any CPU
		{65C87C9D-C1AA-4663-AACB-4B2ECEAB1BA0}.Release|Any CPU.ActiveCfg = Release|Any CPU
		{65C87C9D-C1AA-4663-AACB-4B2ECEAB1BA0}.Release|Any CPU.Build.0 = Release|Any CPU
		{17DAD4EF-5909-423E-9B23-135271F6B613}.Debug|Any CPU.ActiveCfg = Debug|Any CPU
		{17DAD4EF-5909-423E-9B23-135271F6B613}.Debug|Any CPU.Build.0 = Debug|Any CPU
		{17DAD4EF-5909-423E-9B23-135271F6B613}.Release|Any CPU.ActiveCfg = Release|Any CPU
		{17DAD4EF-5909-423E-9B23-135271F6B613}.Release|Any CPU.Build.0 = Release|Any CPU
		{EEC060D2-1033-4CFD-A84A-C63B3ABA842D}.Debug|Any CPU.ActiveCfg = Debug|Any CPU
		{EEC060D2-1033-4CFD-A84A-C63B3ABA842D}.Debug|Any CPU.Build.0 = Debug|Any CPU
		{EEC060D2-1033-4CFD-A84A-C63B3ABA842D}.Release|Any CPU.ActiveCfg = Release|Any CPU
		{EEC060D2-1033-4CFD-A84A-C63B3ABA842D}.Release|Any CPU.Build.0 = Release|Any CPU
		{F73B99D8-57D8-4ECB-B9B8-2D8BFF15D597}.Debug|Any CPU.ActiveCfg = Debug|Any CPU
		{F73B99D8-57D8-4ECB-B9B8-2D8BFF15D597}.Debug|Any CPU.Build.0 = Debug|Any CPU
		{F73B99D8-57D8-4ECB-B9B8-2D8BFF15D597}.Release|Any CPU.ActiveCfg = Release|Any CPU
		{F73B99D8-57D8-4ECB-B9B8-2D8BFF15D597}.Release|Any CPU.Build.0 = Release|Any CPU
		{27BC03F7-49EB-4902-A0FA-3CAA4AA4A7A5}.Debug|Any CPU.ActiveCfg = Debug|Any CPU
		{27BC03F7-49EB-4902-A0FA-3CAA4AA4A7A5}.Debug|Any CPU.Build.0 = Debug|Any CPU
		{27BC03F7-49EB-4902-A0FA-3CAA4AA4A7A5}.Release|Any CPU.ActiveCfg = Release|Any CPU
		{27BC03F7-49EB-4902-A0FA-3CAA4AA4A7A5}.Release|Any CPU.Build.0 = Release|Any CPU
		{269EE313-1668-408E-9F09-F8CEC89AB963}.Debug|Any CPU.ActiveCfg = Debug|Any CPU
		{269EE313-1668-408E-9F09-F8CEC89AB963}.Debug|Any CPU.Build.0 = Debug|Any CPU
		{269EE313-1668-408E-9F09-F8CEC89AB963}.Release|Any CPU.ActiveCfg = Release|Any CPU
		{269EE313-1668-408E-9F09-F8CEC89AB963}.Release|Any CPU.Build.0 = Release|Any CPU
	EndGlobalSection
	GlobalSection(SolutionProperties) = preSolution
		HideSolutionNode = FALSE
	EndGlobalSection
	GlobalSection(ExtensibilityGlobals) = postSolution
		SolutionGuid = {81B873A4-8BAE-44B5-9A81-1F1FFCA17232}
	EndGlobalSection
EndGlobal
